// !$*UTF8*$!
{
	archiveVersion = 1;
	classes = {
	};
	objectVersion = 50;
	objects = {

/* Begin PBXBuildFile section */
		4C6CC15D2226F60200EEB94B /* AppDelegate.swift in Sources */ = {isa = PBXBuildFile; fileRef = 4C6CC15C2226F60200EEB94B /* AppDelegate.swift */; };
		4C6CC1622226F60200EEB94B /* Main.storyboard in Resources */ = {isa = PBXBuildFile; fileRef = 4C6CC1602226F60200EEB94B /* Main.storyboard */; };
		4C6CC1672226F60500EEB94B /* Assets.xcassets in Resources */ = {isa = PBXBuildFile; fileRef = 4C6CC1662226F60500EEB94B /* Assets.xcassets */; };
		4C6CC16A2226F60500EEB94B /* LaunchScreen.storyboard in Resources */ = {isa = PBXBuildFile; fileRef = 4C6CC1682226F60500EEB94B /* LaunchScreen.storyboard */; };
		4C6CC1792226F83E00EEB94B /* HomeViewController.swift in Sources */ = {isa = PBXBuildFile; fileRef = 4C6CC1782226F83E00EEB94B /* HomeViewController.swift */; };
		4C6CC17B2226F87900EEB94B /* HomeManager.swift in Sources */ = {isa = PBXBuildFile; fileRef = 4C6CC17A2226F87900EEB94B /* HomeManager.swift */; };
		4C6CC17D2226F8A100EEB94B /* LogoHelper.swift in Sources */ = {isa = PBXBuildFile; fileRef = 4C6CC17C2226F8A100EEB94B /* LogoHelper.swift */; };
		4C6CC1812226F99A00EEB94B /* TrackerManager.swift in Sources */ = {isa = PBXBuildFile; fileRef = 4C6CC1802226F99A00EEB94B /* TrackerManager.swift */; };
		4C6CC1832226F9E400EEB94B /* TrackerViewController.swift in Sources */ = {isa = PBXBuildFile; fileRef = 4C6CC1822226F9E400EEB94B /* TrackerViewController.swift */; };
		4C6CC1862226FD3500EEB94B /* LocationManager.swift in Sources */ = {isa = PBXBuildFile; fileRef = 4C6CC1852226FD3500EEB94B /* LocationManager.swift */; };
		4C6CC1892226FEA100EEB94B /* TrackerViewCell.swift in Sources */ = {isa = PBXBuildFile; fileRef = 4C6CC1882226FEA100EEB94B /* TrackerViewCell.swift */; };
		4C6CC18B2227001A00EEB94B /* Constants.swift in Sources */ = {isa = PBXBuildFile; fileRef = 4C6CC18A2227001A00EEB94B /* Constants.swift */; };
		4C6CC18D222704AD00EEB94B /* FlickrManager.swift in Sources */ = {isa = PBXBuildFile; fileRef = 4C6CC18C222704AD00EEB94B /* FlickrManager.swift */; };
		4C6CC1912228033E00EEB94B /* FlickrPhoto.swift in Sources */ = {isa = PBXBuildFile; fileRef = 4C6CC1902228033E00EEB94B /* FlickrPhoto.swift */; };
		4C6CC1932228037300EEB94B /* Result.swift in Sources */ = {isa = PBXBuildFile; fileRef = 4C6CC1922228037300EEB94B /* Result.swift */; };
		4C6CC196222805EB00EEB94B /* countryside_walk.gpx in Resources */ = {isa = PBXBuildFile; fileRef = 4C6CC195222805EB00EEB94B /* countryside_walk.gpx */; };
/* End PBXBuildFile section */

/* Begin PBXFileReference section */
		4C6CC1592226F60200EEB94B /* WalkTracker.app */ = {isa = PBXFileReference; explicitFileType = wrapper.application; includeInIndex = 0; path = WalkTracker.app; sourceTree = BUILT_PRODUCTS_DIR; };
		4C6CC15C2226F60200EEB94B /* AppDelegate.swift */ = {isa = PBXFileReference; lastKnownFileType = sourcecode.swift; path = AppDelegate.swift; sourceTree = "<group>"; };
		4C6CC1612226F60200EEB94B /* Base */ = {isa = PBXFileReference; lastKnownFileType = file.storyboard; name = Base; path = Base.lproj/Main.storyboard; sourceTree = "<group>"; };
		4C6CC1662226F60500EEB94B /* Assets.xcassets */ = {isa = PBXFileReference; lastKnownFileType = folder.assetcatalog; path = Assets.xcassets; sourceTree = "<group>"; };
		4C6CC1692226F60500EEB94B /* Base */ = {isa = PBXFileReference; lastKnownFileType = file.storyboard; name = Base; path = Base.lproj/LaunchScreen.storyboard; sourceTree = "<group>"; };
		4C6CC16B2226F60500EEB94B /* Info.plist */ = {isa = PBXFileReference; lastKnownFileType = text.plist.xml; path = Info.plist; sourceTree = "<group>"; };
		4C6CC1782226F83E00EEB94B /* HomeViewController.swift */ = {isa = PBXFileReference; lastKnownFileType = sourcecode.swift; path = HomeViewController.swift; sourceTree = "<group>"; };
		4C6CC17A2226F87900EEB94B /* HomeManager.swift */ = {isa = PBXFileReference; lastKnownFileType = sourcecode.swift; path = HomeManager.swift; sourceTree = "<group>"; };
		4C6CC17C2226F8A100EEB94B /* LogoHelper.swift */ = {isa = PBXFileReference; lastKnownFileType = sourcecode.swift; path = LogoHelper.swift; sourceTree = "<group>"; };
		4C6CC1802226F99A00EEB94B /* TrackerManager.swift */ = {isa = PBXFileReference; lastKnownFileType = sourcecode.swift; path = TrackerManager.swift; sourceTree = "<group>"; };
		4C6CC1822226F9E400EEB94B /* TrackerViewController.swift */ = {isa = PBXFileReference; lastKnownFileType = sourcecode.swift; path = TrackerViewController.swift; sourceTree = "<group>"; };
		4C6CC1852226FD3500EEB94B /* LocationManager.swift */ = {isa = PBXFileReference; lastKnownFileType = sourcecode.swift; path = LocationManager.swift; sourceTree = "<group>"; };
		4C6CC1882226FEA100EEB94B /* TrackerViewCell.swift */ = {isa = PBXFileReference; lastKnownFileType = sourcecode.swift; path = TrackerViewCell.swift; sourceTree = "<group>"; };
		4C6CC18A2227001A00EEB94B /* Constants.swift */ = {isa = PBXFileReference; lastKnownFileType = sourcecode.swift; path = Constants.swift; sourceTree = "<group>"; };
		4C6CC18C222704AD00EEB94B /* FlickrManager.swift */ = {isa = PBXFileReference; lastKnownFileType = sourcecode.swift; path = FlickrManager.swift; sourceTree = "<group>"; };
		4C6CC1902228033E00EEB94B /* FlickrPhoto.swift */ = {isa = PBXFileReference; lastKnownFileType = sourcecode.swift; path = FlickrPhoto.swift; sourceTree = "<group>"; };
		4C6CC1922228037300EEB94B /* Result.swift */ = {isa = PBXFileReference; lastKnownFileType = sourcecode.swift; path = Result.swift; sourceTree = "<group>"; };
		4C6CC195222805EB00EEB94B /* countryside_walk.gpx */ = {isa = PBXFileReference; fileEncoding = 4; lastKnownFileType = text; path = countryside_walk.gpx; sourceTree = "<group>"; };
/* End PBXFileReference section */

/* Begin PBXFrameworksBuildPhase section */
		4C6CC1562226F60200EEB94B /* Frameworks */ = {
			isa = PBXFrameworksBuildPhase;
			buildActionMask = 2147483647;
			files = (
			);
			runOnlyForDeploymentPostprocessing = 0;
		};
/* End PBXFrameworksBuildPhase section */

/* Begin PBXGroup section */
		4C6CC1502226F60200EEB94B = {
			isa = PBXGroup;
			children = (
				4C6CC15B2226F60200EEB94B /* WalkTracker */,
				4C6CC15A2226F60200EEB94B /* Products */,
			);
			sourceTree = "<group>";
		};
		4C6CC15A2226F60200EEB94B /* Products */ = {
			isa = PBXGroup;
			children = (
				4C6CC1592226F60200EEB94B /* WalkTracker.app */,
			);
			name = Products;
			sourceTree = "<group>";
		};
		4C6CC15B2226F60200EEB94B /* WalkTracker */ = {
			isa = PBXGroup;
			children = (
				4C6CC1722226F68700EEB94B /* Classes */,
				4C6CC15C2226F60200EEB94B /* AppDelegate.swift */,
				4C6CC1712226F65000EEB94B /* Storyboards */,
				4C6CC194222805DC00EEB94B /* Resources */,
				4C6CC16B2226F60500EEB94B /* Info.plist */,
			);
			path = WalkTracker;
			sourceTree = "<group>";
		};
		4C6CC1712226F65000EEB94B /* Storyboards */ = {
			isa = PBXGroup;
			children = (
				4C6CC1602226F60200EEB94B /* Main.storyboard */,
				4C6CC1682226F60500EEB94B /* LaunchScreen.storyboard */,
			);
			path = Storyboards;
			sourceTree = "<group>";
		};
		4C6CC1722226F68700EEB94B /* Classes */ = {
			isa = PBXGroup;
			children = (
				4C6CC1842226FD1F00EEB94B /* Location */,
				4C6CC1752226F6B100EEB94B /* Home */,
				4C6CC1772226F7B200EEB94B /* Tracker */,
				4C6CC1732226F69100EEB94B /* Flickr */,
				4C6CC1742226F6A100EEB94B /* Helpers */,
			);
			path = Classes;
			sourceTree = "<group>";
		};
		4C6CC1732226F69100EEB94B /* Flickr */ = {
			isa = PBXGroup;
			children = (
				4C6CC18C222704AD00EEB94B /* FlickrManager.swift */,
				4C6CC1902228033E00EEB94B /* FlickrPhoto.swift */,
				4C6CC1922228037300EEB94B /* Result.swift */,
			);
			path = Flickr;
			sourceTree = "<group>";
		};
		4C6CC1742226F6A100EEB94B /* Helpers */ = {
			isa = PBXGroup;
			children = (
				4C6CC17C2226F8A100EEB94B /* LogoHelper.swift */,
				4C6CC18A2227001A00EEB94B /* Constants.swift */,
			);
			path = Helpers;
			sourceTree = "<group>";
		};
		4C6CC1752226F6B100EEB94B /* Home */ = {
			isa = PBXGroup;
			children = (
				4C6CC1782226F83E00EEB94B /* HomeViewController.swift */,
				4C6CC17A2226F87900EEB94B /* HomeManager.swift */,
			);
			path = Home;
			sourceTree = "<group>";
		};
		4C6CC1772226F7B200EEB94B /* Tracker */ = {
			isa = PBXGroup;
			children = (
				4C6CC1822226F9E400EEB94B /* TrackerViewController.swift */,
				4C6CC1802226F99A00EEB94B /* TrackerManager.swift */,
				4C6CC1872226FE8A00EEB94B /* Cell */,
			);
			path = Tracker;
			sourceTree = "<group>";
		};
		4C6CC1842226FD1F00EEB94B /* Location */ = {
			isa = PBXGroup;
			children = (
				4C6CC1852226FD3500EEB94B /* LocationManager.swift */,
			);
			path = Location;
			sourceTree = "<group>";
		};
		4C6CC1872226FE8A00EEB94B /* Cell */ = {
			isa = PBXGroup;
			children = (
				4C6CC1882226FEA100EEB94B /* TrackerViewCell.swift */,
			);
			path = Cell;
			sourceTree = "<group>";
		};
		4C6CC194222805DC00EEB94B /* Resources */ = {
			isa = PBXGroup;
			children = (
				4C6CC195222805EB00EEB94B /* countryside_walk.gpx */,
				4C6CC1662226F60500EEB94B /* Assets.xcassets */,
			);
			path = Resources;
			sourceTree = "<group>";
		};
/* End PBXGroup section */

/* Begin PBXNativeTarget section */
		4C6CC1582226F60200EEB94B /* WalkTracker */ = {
			isa = PBXNativeTarget;
			buildConfigurationList = 4C6CC16E2226F60500EEB94B /* Build configuration list for PBXNativeTarget "WalkTracker" */;
			buildPhases = (
				4C6CC1552226F60200EEB94B /* Sources */,
				4C6CC1562226F60200EEB94B /* Frameworks */,
				4C6CC1572226F60200EEB94B /* Resources */,
			);
			buildRules = (
			);
			dependencies = (
			);
			name = WalkTracker;
			productName = WalkTracker;
			productReference = 4C6CC1592226F60200EEB94B /* WalkTracker.app */;
			productType = "com.apple.product-type.application";
		};
/* End PBXNativeTarget section */

/* Begin PBXProject section */
		4C6CC1512226F60200EEB94B /* Project object */ = {
			isa = PBXProject;
			attributes = {
				LastSwiftUpdateCheck = 1010;
				LastUpgradeCheck = 1010;
				ORGANIZATIONNAME = "Maria Ortega";
				TargetAttributes = {
					4C6CC1582226F60200EEB94B = {
						CreatedOnToolsVersion = 10.1;
						SystemCapabilities = {
							com.apple.BackgroundModes = {
								enabled = 1;
							};
						};
					};
				};
			};
			buildConfigurationList = 4C6CC1542226F60200EEB94B /* Build configuration list for PBXProject "WalkTracker" */;
			compatibilityVersion = "Xcode 9.3";
			developmentRegion = en;
			hasScannedForEncodings = 0;
			knownRegions = (
				en,
				Base,
			);
			mainGroup = 4C6CC1502226F60200EEB94B;
			productRefGroup = 4C6CC15A2226F60200EEB94B /* Products */;
			projectDirPath = "";
			projectRoot = "";
			targets = (
				4C6CC1582226F60200EEB94B /* WalkTracker */,
			);
		};
/* End PBXProject section */

/* Begin PBXResourcesBuildPhase section */
		4C6CC1572226F60200EEB94B /* Resources */ = {
			isa = PBXResourcesBuildPhase;
			buildActionMask = 2147483647;
			files = (
				4C6CC196222805EB00EEB94B /* countryside_walk.gpx in Resources */,
				4C6CC16A2226F60500EEB94B /* LaunchScreen.storyboard in Resources */,
				4C6CC1672226F60500EEB94B /* Assets.xcassets in Resources */,
				4C6CC1622226F60200EEB94B /* Main.storyboard in Resources */,
			);
			runOnlyForDeploymentPostprocessing = 0;
		};
/* End PBXResourcesBuildPhase section */

/* Begin PBXSourcesBuildPhase section */
		4C6CC1552226F60200EEB94B /* Sources */ = {
			isa = PBXSourcesBuildPhase;
			buildActionMask = 2147483647;
			files = (
				4C6CC17B2226F87900EEB94B /* HomeManager.swift in Sources */,
				4C6CC1932228037300EEB94B /* Result.swift in Sources */,
				4C6CC1912228033E00EEB94B /* FlickrPhoto.swift in Sources */,
				4C6CC18D222704AD00EEB94B /* FlickrManager.swift in Sources */,
				4C6CC17D2226F8A100EEB94B /* LogoHelper.swift in Sources */,
				4C6CC1812226F99A00EEB94B /* TrackerManager.swift in Sources */,
				4C6CC1862226FD3500EEB94B /* LocationManager.swift in Sources */,
				4C6CC18B2227001A00EEB94B /* Constants.swift in Sources */,
				4C6CC15D2226F60200EEB94B /* AppDelegate.swift in Sources */,
				4C6CC1832226F9E400EEB94B /* TrackerViewController.swift in Sources */,
				4C6CC1892226FEA100EEB94B /* TrackerViewCell.swift in Sources */,
				4C6CC1792226F83E00EEB94B /* HomeViewController.swift in Sources */,
			);
			runOnlyForDeploymentPostprocessing = 0;
		};
/* End PBXSourcesBuildPhase section */

/* Begin PBXVariantGroup section */
		4C6CC1602226F60200EEB94B /* Main.storyboard */ = {
			isa = PBXVariantGroup;
			children = (
				4C6CC1612226F60200EEB94B /* Base */,
			);
			name = Main.storyboard;
			sourceTree = "<group>";
		};
		4C6CC1682226F60500EEB94B /* LaunchScreen.storyboard */ = {
			isa = PBXVariantGroup;
			children = (
				4C6CC1692226F60500EEB94B /* Base */,
			);
			name = LaunchScreen.storyboard;
			sourceTree = "<group>";
		};
/* End PBXVariantGroup section */

/* Begin XCBuildConfiguration section */
		4C6CC16C2226F60500EEB94B /* Debug */ = {
			isa = XCBuildConfiguration;
			buildSettings = {
				ALWAYS_SEARCH_USER_PATHS = NO;
				CLANG_ANALYZER_NONNULL = YES;
				CLANG_ANALYZER_NUMBER_OBJECT_CONVERSION = YES_AGGRESSIVE;
				CLANG_CXX_LANGUAGE_STANDARD = "gnu++14";
				CLANG_CXX_LIBRARY = "libc++";
				CLANG_ENABLE_MODULES = YES;
				CLANG_ENABLE_OBJC_ARC = YES;
				CLANG_ENABLE_OBJC_WEAK = YES;
				CLANG_WARN_BLOCK_CAPTURE_AUTORELEASING = YES;
				CLANG_WARN_BOOL_CONVERSION = YES;
				CLANG_WARN_COMMA = YES;
				CLANG_WARN_CONSTANT_CONVERSION = YES;
				CLANG_WARN_DEPRECATED_OBJC_IMPLEMENTATIONS = YES;
				CLANG_WARN_DIRECT_OBJC_ISA_USAGE = YES_ERROR;
				CLANG_WARN_DOCUMENTATION_COMMENTS = YES;
				CLANG_WARN_EMPTY_BODY = YES;
				CLANG_WARN_ENUM_CONVERSION = YES;
				CLANG_WARN_INFINITE_RECURSION = YES;
				CLANG_WARN_INT_CONVERSION = YES;
				CLANG_WARN_NON_LITERAL_NULL_CONVERSION = YES;
				CLANG_WARN_OBJC_IMPLICIT_RETAIN_SELF = YES;
				CLANG_WARN_OBJC_LITERAL_CONVERSION = YES;
				CLANG_WARN_OBJC_ROOT_CLASS = YES_ERROR;
				CLANG_WARN_RANGE_LOOP_ANALYSIS = YES;
				CLANG_WARN_STRICT_PROTOTYPES = YES;
				CLANG_WARN_SUSPICIOUS_MOVE = YES;
				CLANG_WARN_UNGUARDED_AVAILABILITY = YES_AGGRESSIVE;
				CLANG_WARN_UNREACHABLE_CODE = YES;
				CLANG_WARN__DUPLICATE_METHOD_MATCH = YES;
				CODE_SIGN_IDENTITY = "iPhone Developer";
				COPY_PHASE_STRIP = NO;
				DEBUG_INFORMATION_FORMAT = dwarf;
				ENABLE_STRICT_OBJC_MSGSEND = YES;
				ENABLE_TESTABILITY = YES;
				GCC_C_LANGUAGE_STANDARD = gnu11;
				GCC_DYNAMIC_NO_PIC = NO;
				GCC_NO_COMMON_BLOCKS = YES;
				GCC_OPTIMIZATION_LEVEL = 0;
				GCC_PREPROCESSOR_DEFINITIONS = (
					"DEBUG=1",
					"$(inherited)",
				);
				GCC_WARN_64_TO_32_BIT_CONVERSION = YES;
				GCC_WARN_ABOUT_RETURN_TYPE = YES_ERROR;
				GCC_WARN_UNDECLARED_SELECTOR = YES;
				GCC_WARN_UNINITIALIZED_AUTOS = YES_AGGRESSIVE;
				GCC_WARN_UNUSED_FUNCTION = YES;
				GCC_WARN_UNUSED_VARIABLE = YES;
				IPHONEOS_DEPLOYMENT_TARGET = 12.1;
				MTL_ENABLE_DEBUG_INFO = INCLUDE_SOURCE;
				MTL_FAST_MATH = YES;
				ONLY_ACTIVE_ARCH = YES;
				SDKROOT = iphoneos;
				SWIFT_ACTIVE_COMPILATION_CONDITIONS = DEBUG;
				SWIFT_OPTIMIZATION_LEVEL = "-Onone";
			};
			name = Debug;
		};
		4C6CC16D2226F60500EEB94B /* Release */ = {
			isa = XCBuildConfiguration;
			buildSettings = {
				ALWAYS_SEARCH_USER_PATHS = NO;
				CLANG_ANALYZER_NONNULL = YES;
				CLANG_ANALYZER_NUMBER_OBJECT_CONVERSION = YES_AGGRESSIVE;
				CLANG_CXX_LANGUAGE_STANDARD = "gnu++14";
				CLANG_CXX_LIBRARY = "libc++";
				CLANG_ENABLE_MODULES = YES;
				CLANG_ENABLE_OBJC_ARC = YES;
				CLANG_ENABLE_OBJC_WEAK = YES;
				CLANG_WARN_BLOCK_CAPTURE_AUTORELEASING = YES;
				CLANG_WARN_BOOL_CONVERSION = YES;
				CLANG_WARN_COMMA = YES;
				CLANG_WARN_CONSTANT_CONVERSION = YES;
				CLANG_WARN_DEPRECATED_OBJC_IMPLEMENTATIONS = YES;
				CLANG_WARN_DIRECT_OBJC_ISA_USAGE = YES_ERROR;
				CLANG_WARN_DOCUMENTATION_COMMENTS = YES;
				CLANG_WARN_EMPTY_BODY = YES;
				CLANG_WARN_ENUM_CONVERSION = YES;
				CLANG_WARN_INFINITE_RECURSION = YES;
				CLANG_WARN_INT_CONVERSION = YES;
				CLANG_WARN_NON_LITERAL_NULL_CONVERSION = YES;
				CLANG_WARN_OBJC_IMPLICIT_RETAIN_SELF = YES;
				CLANG_WARN_OBJC_LITERAL_CONVERSION = YES;
				CLANG_WARN_OBJC_ROOT_CLASS = YES_ERROR;
				CLANG_WARN_RANGE_LOOP_ANALYSIS = YES;
				CLANG_WARN_STRICT_PROTOTYPES = YES;
				CLANG_WARN_SUSPICIOUS_MOVE = YES;
				CLANG_WARN_UNGUARDED_AVAILABILITY = YES_AGGRESSIVE;
				CLANG_WARN_UNREACHABLE_CODE = YES;
				CLANG_WARN__DUPLICATE_METHOD_MATCH = YES;
				CODE_SIGN_IDENTITY = "iPhone Developer";
				COPY_PHASE_STRIP = NO;
				DEBUG_INFORMATION_FORMAT = "dwarf-with-dsym";
				ENABLE_NS_ASSERTIONS = NO;
				ENABLE_STRICT_OBJC_MSGSEND = YES;
				GCC_C_LANGUAGE_STANDARD = gnu11;
				GCC_NO_COMMON_BLOCKS = YES;
				GCC_WARN_64_TO_32_BIT_CONVERSION = YES;
				GCC_WARN_ABOUT_RETURN_TYPE = YES_ERROR;
				GCC_WARN_UNDECLARED_SELECTOR = YES;
				GCC_WARN_UNINITIALIZED_AUTOS = YES_AGGRESSIVE;
				GCC_WARN_UNUSED_FUNCTION = YES;
				GCC_WARN_UNUSED_VARIABLE = YES;
				IPHONEOS_DEPLOYMENT_TARGET = 12.1;
				MTL_ENABLE_DEBUG_INFO = NO;
				MTL_FAST_MATH = YES;
				SDKROOT = iphoneos;
				SWIFT_COMPILATION_MODE = wholemodule;
				SWIFT_OPTIMIZATION_LEVEL = "-O";
				VALIDATE_PRODUCT = YES;
			};
			name = Release;
		};
		4C6CC16F2226F60500EEB94B /* Debug */ = {
			isa = XCBuildConfiguration;
			buildSettings = {
				ASSETCATALOG_COMPILER_APPICON_NAME = AppIcon;
				CODE_SIGN_STYLE = Automatic;
				DEVELOPMENT_TEAM = 4K6JDXN8TD;
				INFOPLIST_FILE = WalkTracker/Info.plist;
				LD_RUNPATH_SEARCH_PATHS = (
					"$(inherited)",
					"@executable_path/Frameworks",
				);
				PRODUCT_BUNDLE_IDENTIFIER = kobinary.WalkTracker;
				PRODUCT_NAME = "$(TARGET_NAME)";
				SWIFT_VERSION = 4.2;
				TARGETED_DEVICE_FAMILY = "1,2";
			};
			name = Debug;
		};
		4C6CC1702226F60500EEB94B /* Release */ = {
			isa = XCBuildConfiguration;
			buildSettings = {
				ASSETCATALOG_COMPILER_APPICON_NAME = AppIcon;
				CODE_SIGN_STYLE = Automatic;
				DEVELOPMENT_TEAM = 4K6JDXN8TD;
				INFOPLIST_FILE = WalkTracker/Info.plist;
				LD_RUNPATH_SEARCH_PATHS = (
					"$(inherited)",
					"@executable_path/Frameworks",
				);
				PRODUCT_BUNDLE_IDENTIFIER = kobinary.WalkTracker;
				PRODUCT_NAME = "$(TARGET_NAME)";
				SWIFT_VERSION = 4.2;
				TARGETED_DEVICE_FAMILY = "1,2";
			};
			name = Release;
		};
/* End XCBuildConfiguration section */

/* Begin XCConfigurationList section */
		4C6CC1542226F60200EEB94B /* Build configuration list for PBXProject "WalkTracker" */ = {
			isa = XCConfigurationList;
			buildConfigurations = (
				4C6CC16C2226F60500EEB94B /* Debug */,
				4C6CC16D2226F60500EEB94B /* Release */,
			);
			defaultConfigurationIsVisible = 0;
			defaultConfigurationName = Release;
		};
		4C6CC16E2226F60500EEB94B /* Build configuration list for PBXNativeTarget "WalkTracker" */ = {
			isa = XCConfigurationList;
			buildConfigurations = (
				4C6CC16F2226F60500EEB94B /* Debug */,
				4C6CC1702226F60500EEB94B /* Release */,
			);
			defaultConfigurationIsVisible = 0;
			defaultConfigurationName = Release;
		};
/* End XCConfigurationList section */
	};
	rootObject = 4C6CC1512226F60200EEB94B /* Project object */;
}
